
Microsoft Visual Studio Solution File, Format Version 12.00
# Visual Studio Version 16
VisualStudioVersion = 16.0.32126.315
MinimumVisualStudioVersion = 10.0.40219.1
Project("{FAE04EC0-301F-11D3-BF4B-00C04F79EFBC}") = "JESON_task", "JESON_task\JESON_task.csproj", "{D2A147B7-E283-4406-B0B8-DF8F51CB6D84}"
EndProject
Global
	GlobalSection(SolutionConfigurationPlatforms) = preSolution
		Debug|Any CPU = Debug|Any CPU
		Release|Any CPU = Release|Any CPU
	EndGlobalSection
	GlobalSection(ProjectConfigurationPlatforms) = postSolution
		{D2A147B7-E283-4406-B0B8-DF8F51CB6D84}.Debug|Any CPU.ActiveCfg = Debug|Any CPU
		{D2A147B7-E283-4406-B0B8-DF8F51CB6D84}.Debug|Any CPU.Build.0 = Debug|Any CPU
		{D2A147B7-E283-4406-B0B8-DF8F51CB6D84}.Release|Any CPU.ActiveCfg = Release|Any CPU
		{D2A147B7-E283-4406-B0B8-DF8F51CB6D84}.Release|Any CPU.Build.0 = Release|Any CPU
	EndGlobalSection
	GlobalSection(SolutionProperties) = preSolution
		HideSolutionNode = FALSE
	EndGlobalSection
	GlobalSection(ExtensibilityGlobals) = postSolution
		SolutionGuid = {1ABCCEA6-BE0A-4DCC-AA98-0D7E773C81BB}
	EndGlobalSection
EndGlobal
